
Microsoft Visual Studio Solution File, Format Version 12.00
# Visual Studio Version 16
VisualStudioVersion = 16.0.30114.105
MinimumVisualStudioVersion = 10.0.40219.1
Project("{FAE04EC0-301F-11D3-BF4B-00C04F79EFBC}") = "Solution", "Solution\Solution.csproj", "{DC65630E-0957-4D91-AA8A-011FE950BE1A}"
EndProject
Project("{FAE04EC0-301F-11D3-BF4B-00C04F79EFBC}") = "Solution.Tests", "Solution.Tests\Solution.Tests.csproj", "{725CFAAE-5D7C-4B6C-8B56-EB8567BA61D6}"
EndProject
Global
	GlobalSection(SolutionConfigurationPlatforms) = preSolution
		Debug|Any CPU = Debug|Any CPU
		Release|Any CPU = Release|Any CPU
	EndGlobalSection
	GlobalSection(SolutionProperties) = preSolution
		HideSolutionNode = FALSE
	EndGlobalSection
	GlobalSection(ProjectConfigurationPlatforms) = postSolution
		{DC65630E-0957-4D91-AA8A-011FE950BE1A}.Debug|Any CPU.ActiveCfg = Debug|Any CPU
		{DC65630E-0957-4D91-AA8A-011FE950BE1A}.Debug|Any CPU.Build.0 = Debug|Any CPU
		{DC65630E-0957-4D91-AA8A-011FE950BE1A}.Release|Any CPU.ActiveCfg = Release|Any CPU
		{DC65630E-0957-4D91-AA8A-011FE950BE1A}.Release|Any CPU.Build.0 = Release|Any CPU
		{725CFAAE-5D7C-4B6C-8B56-EB8567BA61D6}.Debug|Any CPU.ActiveCfg = Debug|Any CPU
		{725CFAAE-5D7C-4B6C-8B56-EB8567BA61D6}.Debug|Any CPU.Build.0 = Debug|Any CPU
		{725CFAAE-5D7C-4B6C-8B56-EB8567BA61D6}.Release|Any CPU.ActiveCfg = Release|Any CPU
		{725CFAAE-5D7C-4B6C-8B56-EB8567BA61D6}.Release|Any CPU.Build.0 = Release|Any CPU
	EndGlobalSection
EndGlobal
